
Microsoft Visual Studio Solution File, Format Version 11.00
# Visual Studio 2010
Project("{FAE04EC0-301F-11D3-BF4B-00C04F79EFBC}") = "Assembly-CSharp", "Assembly-CSharp.csproj", "{73b51756-1bcd-9253-a478-91f515789d7b}"
EndProject
Project("{FAE04EC0-301F-11D3-BF4B-00C04F79EFBC}") = "Boxophobic.Utils.Scripts", "Boxophobic.Utils.Scripts.csproj", "{68009b47-d4f9-3e3d-5bf4-19e9b8a1a06e}"
EndProject
Project("{FAE04EC0-301F-11D3-BF4B-00C04F79EFBC}") = "Boxophobic.Utils.Editor", "Boxophobic.Utils.Editor.csproj", "{3fe32eba-912b-d2eb-d769-c954526a8083}"
EndProject
Project("{FAE04EC0-301F-11D3-BF4B-00C04F79EFBC}") = "Boxophobic.SkyboxCubemapExtended.Editor", "Boxophobic.SkyboxCubemapExtended.Editor.csproj", "{20f3a20f-2879-bb4a-76bf-32a4a74db5c8}"
EndProject
Global
	GlobalSection(SolutionConfigurationPlatforms) = preSolution
		Debug|Any CPU = Debug|Any CPU
	EndGlobalSection
	GlobalSection(ProjectConfigurationPlatforms) = postSolution
		{73b51756-1bcd-9253-a478-91f515789d7b}.Debug|Any CPU.ActiveCfg = Debug|Any CPU
		{73b51756-1bcd-9253-a478-91f515789d7b}.Debug|Any CPU.Build.0 = Debug|Any CPU
		{68009b47-d4f9-3e3d-5bf4-19e9b8a1a06e}.Debug|Any CPU.ActiveCfg = Debug|Any CPU
		{68009b47-d4f9-3e3d-5bf4-19e9b8a1a06e}.Debug|Any CPU.Build.0 = Debug|Any CPU
		{3fe32eba-912b-d2eb-d769-c954526a8083}.Debug|Any CPU.ActiveCfg = Debug|Any CPU
		{3fe32eba-912b-d2eb-d769-c954526a8083}.Debug|Any CPU.Build.0 = Debug|Any CPU
		{20f3a20f-2879-bb4a-76bf-32a4a74db5c8}.Debug|Any CPU.ActiveCfg = Debug|Any CPU
		{20f3a20f-2879-bb4a-76bf-32a4a74db5c8}.Debug|Any CPU.Build.0 = Debug|Any CPU
	EndGlobalSection
	GlobalSection(SolutionProperties) = preSolution
		HideSolutionNode = FALSE
	EndGlobalSection
EndGlobal
